
Microsoft Visual Studio Solution File, Format Version 12.00
# Visual Studio Version 17
VisualStudioVersion = 17.14.36301.6 d17.14
MinimumVisualStudioVersion = 10.0.40219.1
Project("{FAE04EC0-301F-11D3-BF4B-00C04F79EFBC}") = "vivuvn_api", "vivuvn_api\vivuvn_api.csproj", "{D33A34EC-CEA7-4251-865F-3EA74AD4008D}"
EndProject
Global
	GlobalSection(SolutionConfigurationPlatforms) = preSolution
		Debug|Any CPU = Debug|Any CPU
		Release|Any CPU = Release|Any CPU
	EndGlobalSection
	GlobalSection(ProjectConfigurationPlatforms) = postSolution
		{D33A34EC-CEA7-4251-865F-3EA74AD4008D}.Debug|Any CPU.ActiveCfg = Debug|Any CPU
		{D33A34EC-CEA7-4251-865F-3EA74AD4008D}.Debug|Any CPU.Build.0 = Debug|Any CPU
		{D33A34EC-CEA7-4251-865F-3EA74AD4008D}.Release|Any CPU.ActiveCfg = Release|Any CPU
		{D33A34EC-CEA7-4251-865F-3EA74AD4008D}.Release|Any CPU.Build.0 = Release|Any CPU
	EndGlobalSection
	GlobalSection(SolutionProperties) = preSolution
		HideSolutionNode = FALSE
	EndGlobalSection
	GlobalSection(ExtensibilityGlobals) = postSolution
		SolutionGuid = {77C57473-A149-4455-9AFB-98C17DA528EB}
	EndGlobalSection
EndGlobal
